<?xml version="1.0" encoding="utf-8"?>
<Project ToolsVersion="4.0" xmlns="http://schemas.microsoft.com/developer/msbuild/2003">
  <ItemGroup>
    <Filter Include="Source Files">
      <UniqueIdentifier>{4FC737F1-C7A5-4376-A066-2A32D752A2FF}</UniqueIdentifier>
      <Extensions>cpp;c;cc;cxx;c++;cppm;ixx;def;odl;idl;hpj;bat;asm;asmx</Extensions>
    </Filter>
    <Filter Include="Header Files">
      <UniqueIdentifier>{93995380-89BD-4b04-88EB-625FBE52EBFB}</UniqueIdentifier>
      <Extensions>h;hh;hpp;hxx;h++;hm;inl;inc;ipp;xsd</Extensions>
    </Filter>
    <Filter Include="Header Files\Unity">
      <UniqueIdentifier>{e3a1d8f2-5c7b-4e9a-b1c4-3f8d9a6e2c7b}</UniqueIdentifier>
    </Filter>
    <Filter Include="Header Files\System">
      <UniqueIdentifier>{a7b2c4d3-9e8f-4a1b-c5d6-e7f8a9b0c1d2}</UniqueIdentifier>
    </Filter>
  </ItemGroup>
  <ItemGroup>
    <ClCompile Include="source\il2cpp_module.cpp">
      <Filter>Source Files</Filter>
    </ClCompile>
    <ClCompile Include="source\ManagedObject.cpp">
      <Filter>Source Files</Filter>
    </ClCompile>
    <ClCompile Include="source\Reflection.cpp">
      <Filter>Source Files</Filter>
    </ClCompile>
    <ClCompile Include="source\MethodHandler.cpp">
      <Filter>Source Files</Filter>
    </ClCompile>
  </ItemGroup>
  <ItemGroup>
    <ClInclude Include="include\il2cpp_module.hpp">
      <Filter>Header Files</Filter>
    </ClInclude>
    <ClInclude Include="include\Reflection.hpp">
      <Filter>Header Files</Filter>
    </ClInclude>
    <ClInclude Include="include\ManagedObject.hpp">
      <Filter>Header Files</Filter>
    </ClInclude>
    <ClInclude Include="include\ClassResolver.hpp">
      <Filter>Header Files</Filter>
    </ClInclude>
    <ClInclude Include="include\Deobfuscation.hpp">
      <Filter>Header Files</Filter>
    </ClInclude>
    <ClInclude Include="include\ClassCache.hpp">
      <Filter>Header Files</Filter>
    </ClInclude>
    <ClInclude Include="include\Unity\Object.hpp">
      <Filter>Header Files\Unity</Filter>
    </ClInclude>
    <ClInclude Include="include\Unity\Component.hpp">
      <Filter>Header Files\Unity</Filter>
    </ClInclude>
    <ClInclude Include="include\Unity\Behaviour.hpp">
      <Filter>Header Files\Unity</Filter>
    </ClInclude>
    <ClInclude Include="include\Unity\MonoBehaviour.hpp">
      <Filter>Header Files\Unity</Filter>
    </ClInclude>
    <ClInclude Include="include\Unity\GameObject.hpp">
      <Filter>Header Files\Unity</Filter>
    </ClInclude>
    <ClInclude Include="include\Unity\GraphicsBuffer.hpp">
      <Filter>Header Files\Unity</Filter>
    </ClInclude>
    <ClInclude Include="include\Unity\Transform.hpp">
      <Filter>Header Files\Unity</Filter>
    </ClInclude>
    <ClInclude Include="include\Unity\Camera.hpp">
      <Filter>Header Files\Unity</Filter>
    </ClInclude>
    <ClInclude Include="include\Unity\Rigidbody.hpp">
      <Filter>Header Files\Unity</Filter>
    </ClInclude>
    <ClInclude Include="include\Unity\Collider.hpp">
      <Filter>Header Files\Unity</Filter>
    </ClInclude>
    <ClInclude Include="include\Unity\Time.hpp">
      <Filter>Header Files\Unity</Filter>
    </ClInclude>
    <ClInclude Include="include\Unity\Input.hpp">
      <Filter>Header Files\Unity</Filter>
    </ClInclude>
    <ClInclude Include="include\System\String.hpp">
      <Filter>Header Files\System</Filter>
    </ClInclude>
    <ClInclude Include="include\System\Array.hpp">
      <Filter>Header Files\System</Filter>
    </ClInclude>
    <ClInclude Include="include\System\List.hpp">
      <Filter>Header Files\System</Filter>
    </ClInclude>
    <ClInclude Include="include\System\Dictionary.hpp">
      <Filter>Header Files\System</Filter>
    </ClInclude>
    <ClInclude Include="include\Dispatcher.hpp">
      <Filter>Header Files</Filter>
    </ClInclude>
    <ClInclude Include="include\MethodHandler.hpp">
      <Filter>Header Files</Filter>
    </ClInclude>
    <ClInclude Include="include\Unity\Application.hpp">
      <Filter>Header Files</Filter>
    </ClInclude>
    <ClInclude Include="include\Unity\Cursor.hpp">
      <Filter>Header Files</Filter>
    </ClInclude>
    <ClInclude Include="include\Unity\LayerMask.hpp">
      <Filter>Header Files</Filter>
    </ClInclude>
    <ClInclude Include="include\Unity\Physics.hpp">
      <Filter>Header Files</Filter>
    </ClInclude>
    <ClInclude Include="include\Unity\Screen.hpp">
      <Filter>Header Files</Filter>
    </ClInclude>
    <ClInclude Include="include\Unity\Button.hpp">
      <Filter>Header Files</Filter>
    </ClInclude>
    <ClInclude Include="include\Unity\Canvas.hpp">
      <Filter>Header Files</Filter>
    </ClInclude>
    <ClInclude Include="include\Unity\CanvasGroup.hpp">
      <Filter>Header Files</Filter>
    </ClInclude>
    <ClInclude Include="include\Unity\Graphic.hpp">
      <Filter>Header Files</Filter>
    </ClInclude>
    <ClInclude Include="include\Unity\Image.hpp">
      <Filter>Header Files</Filter>
    </ClInclude>
    <ClInclude Include="include\Unity\RectTransform.hpp">
      <Filter>Header Files</Filter>
    </ClInclude>
    <ClInclude Include="include\Unity\Slider.hpp">
      <Filter>Header Files</Filter>
    </ClInclude>
    <ClInclude Include="include\Unity\TMP_Text.hpp">
      <Filter>Header Files</Filter>
    </ClInclude>
    <ClInclude Include="include\Unity\Toggle.hpp">
      <Filter>Header Files</Filter>
    </ClInclude>
    <ClInclude Include="include\Unity\UnityCallbacks.hpp">
      <Filter>Header Files</Filter>
    </ClInclude>
    <ClInclude Include="include\Unity\RawImage.hpp">
      <Filter>Header Files</Filter>
    </ClInclude>
    <ClInclude Include="include\Unity\Animator.hpp">
      <Filter>Header Files</Filter>
    </ClInclude>
    <ClInclude Include="include\Unity\AudioSource.hpp">
      <Filter>Header Files</Filter>
    </ClInclude>
    <ClInclude Include="include\Unity\BoxCollider.hpp">
      <Filter>Header Files</Filter>
    </ClInclude>
    <ClInclude Include="include\Unity\CanvasScaler.hpp">
      <Filter>Header Files</Filter>
    </ClInclude>
    <ClInclude Include="include\Unity\ContentSizeFitter.hpp">
      <Filter>Header Files</Filter>
    </ClInclude>
    <ClInclude Include="include\Unity\HorizontalLayoutGroup.hpp">
      <Filter>Header Files</Filter>
    </ClInclude>
    <ClInclude Include="include\Unity\InputField.hpp">
      <Filter>Header Files</Filter>
    </ClInclude>
    <ClInclude Include="include\Unity\LayoutElement.hpp">
      <Filter>Header Files</Filter>
    </ClInclude>
    <ClInclude Include="include\Unity\LayoutGroup.hpp">
      <Filter>Header Files</Filter>
    </ClInclude>
    <ClInclude Include="include\Unity\Light.hpp">
      <Filter>Header Files</Filter>
    </ClInclude>
    <ClInclude Include="include\Unity\MaskableGraphic.hpp">
      <Filter>Header Files</Filter>
    </ClInclude>
    <ClInclude Include="include\Unity\Material.hpp">
      <Filter>Header Files</Filter>
    </ClInclude>
    <ClInclude Include="include\Unity\MeshCollider.hpp">
      <Filter>Header Files</Filter>
    </ClInclude>
    <ClInclude Include="include\Unity\MeshRenderer.hpp">
      <Filter>Header Files</Filter>
    </ClInclude>
    <ClInclude Include="include\Unity\ParticleSystem.hpp">
      <Filter>Header Files</Filter>
    </ClInclude>
    <ClInclude Include="include\Unity\RectMask2D.hpp">
      <Filter>Header Files</Filter>
    </ClInclude>
    <ClInclude Include="include\Unity\Resources.hpp">
      <Filter>Header Files</Filter>
    </ClInclude>
    <ClInclude Include="include\Unity\Renderer.hpp">
      <Filter>Header Files</Filter>
    </ClInclude>
    <ClInclude Include="include\Unity\ScrollRect.hpp">
      <Filter>Header Files</Filter>
    </ClInclude>
    <ClInclude Include="include\Unity\Shader.hpp">
      <Filter>Header Files</Filter>
    </ClInclude>
    <ClInclude Include="include\Unity\Selectable.hpp">
      <Filter>Header Files</Filter>
    </ClInclude>
    <ClInclude Include="include\Unity\SkinnedMeshRenderer.hpp">
      <Filter>Header Files</Filter>
    </ClInclude>
    <ClInclude Include="include\Unity\Sprite.hpp">
      <Filter>Header Files</Filter>
    </ClInclude>
    <ClInclude Include="include\Unity\Texture2D.hpp">
      <Filter>Header Files</Filter>
    </ClInclude>
    <ClInclude Include="include\Unity\SphereCollider.hpp">
      <Filter>Header Files</Filter>
    </ClInclude>
    <ClInclude Include="include\Unity\TMP_InputField.hpp">
      <Filter>Header Files</Filter>
    </ClInclude>
    <ClInclude Include="include\Unity\UIBehaviour.hpp">
      <Filter>Header Files</Filter>
    </ClInclude>
    <ClInclude Include="include\Unity\VerticalLayoutGroup.hpp">
      <Filter>Header Files</Filter>
    </ClInclude>
    <ClInclude Include="include\Unity\AssetBundle.hpp">
      <Filter>Header Files</Filter>
    </ClInclude>
    <ClInclude Include="include\Unity\AsyncOperation.hpp">
      <Filter>Header Files</Filter>
    </ClInclude>
    <ClInclude Include="include\Unity\AssetBundleCreateRequest.hpp">
      <Filter>Header Files</Filter>
    </ClInclude>
    <ClInclude Include="include\Unity\AnimationClip.hpp">
      <Filter>Header Files</Filter>
    </ClInclude>
    <ClInclude Include="include\Unity\AnimatorOverrideController.hpp">
      <Filter>Header Files</Filter>
    </ClInclude>
    <ClInclude Include="include\Unity\AudioClip.hpp">
      <Filter>Header Files</Filter>
    </ClInclude>
    <ClInclude Include="include\System\Encoding.hpp">
      <Filter>Header Files</Filter>
    </ClInclude>
    <ClInclude Include="include\System\HashSet.hpp">
      <Filter>Header Files</Filter>
    </ClInclude>
    <ClInclude Include="include\System\IO.hpp">
      <Filter>Header Files</Filter>
    </ClInclude>
    <ClInclude Include="include\System\Stack.hpp">
      <Filter>Header Files</Filter>
    </ClInclude>
    <ClInclude Include="include\System\Queue.hpp">
      <Filter>Header Files</Filter>
    </ClInclude>
    <ClInclude Include="include\System\Delegate.hpp">
      <Filter>Header Files</Filter>
    </ClInclude>
    <ClInclude Include="include\Unity\LineRenderer.hpp">
      <Filter>Header Files</Filter>
    </ClInclude>
    <ClInclude Include="include\Unity\Mesh.hpp">
      <Filter>Header Files</Filter>
    </ClInclude>
    <ClInclude Include="include\Unity\PlayerPrefs.hpp">
      <Filter>Header Files</Filter>
    </ClInclude>
    <ClInclude Include="include\Unity\RuntimeAnimatorController.hpp">
      <Filter>Header Files</Filter>
    </ClInclude>
    <ClInclude Include="include\Unity\SceneManager.hpp">
      <Filter>Header Files</Filter>
    </ClInclude>
    <ClInclude Include="include\Unity\TrailRenderer.hpp">
      <Filter>Header Files</Filter>
    </ClInclude>
    <ClInclude Include="include\Unity\UnityEvent.hpp">
      <Filter>Header Files</Filter>
    </ClInclude>
    <ClInclude Include="include\Unity\UnityWebRequest.hpp">
      <Filter>Header Files</Filter>
    </ClInclude>
    <ClInclude Include="include\Symbols.hpp">
      <Filter>Header Files</Filter>
    </ClInclude>
    <ClInclude Include="include\Unity\RenderTexture.hpp">
      <Filter>Header Files</Filter>
    </ClInclude>
    <ClInclude Include="include\Unity\TextMeshProUGUI.hpp">
      <Filter>Header Files</Filter>
    </ClInclude>
  </ItemGroup>
</Project>
